
Microsoft Visual Studio Solution File, Format Version 12.00
# Visual Studio 15
Project("{FAE04EC0-301F-11D3-BF4B-00C04F79EFBC}") = "UnityChan", "UnityChan.csproj", "{722A1A1F-4539-306F-3F20-E4F208D058AD}"
EndProject
Project("{FAE04EC0-301F-11D3-BF4B-00C04F79EFBC}") = "uLipSync.Runtime", "uLipSync.Runtime.csproj", "{4AF96469-A043-23D3-8860-41BA65D7236A}"
EndProject
Project("{FAE04EC0-301F-11D3-BF4B-00C04F79EFBC}") = "UniRx", "UniRx.csproj", "{7A846038-DB8D-30A3-8FBD-A80542B1DFE8}"
EndProject
Project("{FAE04EC0-301F-11D3-BF4B-00C04F79EFBC}") = "lilToon.Editor", "lilToon.Editor.csproj", "{ED66B3B1-6558-C213-FB87-C92354138132}"
EndProject
Project("{FAE04EC0-301F-11D3-BF4B-00C04F79EFBC}") = "UniRx.Examples", "UniRx.Examples.csproj", "{BFAA292B-3BA4-0E56-E9E1-2FAFAD1A5949}"
EndProject
Project("{FAE04EC0-301F-11D3-BF4B-00C04F79EFBC}") = "uLipSync.Editor", "uLipSync.Editor.csproj", "{A9387CE0-902D-5F00-A6B3-889F62955483}"
EndProject
Project("{FAE04EC0-301F-11D3-BF4B-00C04F79EFBC}") = "uLipSync.Samples.RuntimeSetup.Runtime", "uLipSync.Samples.RuntimeSetup.Runtime.csproj", "{EEF83A09-9836-E38D-9F59-32C1E37B11E5}"
EndProject
Project("{FAE04EC0-301F-11D3-BF4B-00C04F79EFBC}") = "uLipSync.Samples.VRM.Editor", "uLipSync.Samples.VRM.Editor.csproj", "{F5EF85E9-4872-6688-49CB-BE0279C6A7F4}"
EndProject
Project("{FAE04EC0-301F-11D3-BF4B-00C04F79EFBC}") = "uLipSync.Samples.WebGL.Runtime", "uLipSync.Samples.WebGL.Runtime.csproj", "{D90D3740-2B29-FFE5-57E5-AD042F3A7E8E}"
EndProject
Project("{FAE04EC0-301F-11D3-BF4B-00C04F79EFBC}") = "uLipSync.Example.RuntimeProfile.Runtime", "uLipSync.Example.RuntimeProfile.Runtime.csproj", "{0BA8596F-738B-0EAE-A9D7-009170877B82}"
EndProject
Project("{FAE04EC0-301F-11D3-BF4B-00C04F79EFBC}") = "uLipSync.Samples.Common", "uLipSync.Samples.Common.csproj", "{AE1B6BB4-C680-6761-7A5B-B302745A8E96}"
EndProject
Project("{FAE04EC0-301F-11D3-BF4B-00C04F79EFBC}") = "lilToon.Editor.External", "lilToon.Editor.External.csproj", "{EA9C59FC-8251-F6F1-DC53-FF1E7F2FF474}"
EndProject
Project("{FAE04EC0-301F-11D3-BF4B-00C04F79EFBC}") = "Assembly-CSharp", "Assembly-CSharp.csproj", "{43C0EEFD-4839-F783-705C-84FE6914F44C}"
EndProject
Project("{FAE04EC0-301F-11D3-BF4B-00C04F79EFBC}") = "uLipSync.Samples.VRM.Runtime", "uLipSync.Samples.VRM.Runtime.csproj", "{6F36A6A3-628A-A99D-A562-E03B439D93AC}"
EndProject
Project("{FAE04EC0-301F-11D3-BF4B-00C04F79EFBC}") = "uLipSync.Samples.Animator.Runtime", "uLipSync.Samples.Animator.Runtime.csproj", "{8528CF9A-0CF5-510D-A219-6442D18D03B6}"
EndProject
Global
	GlobalSection(SolutionConfigurationPlatforms) = preSolution
		Debug|Any CPU = Debug|Any CPU
		Release|Any CPU = Release|Any CPU
	EndGlobalSection
	GlobalSection(ProjectConfigurationPlatforms) = postSolution
		{722A1A1F-4539-306F-3F20-E4F208D058AD}.Debug|Any CPU.ActiveCfg = Debug|Any CPU
		{722A1A1F-4539-306F-3F20-E4F208D058AD}.Debug|Any CPU.Build.0 = Debug|Any CPU
		{722A1A1F-4539-306F-3F20-E4F208D058AD}.Release|Any CPU.ActiveCfg = Release|Any CPU
		{722A1A1F-4539-306F-3F20-E4F208D058AD}.Release|Any CPU.Build.0 = Release|Any CPU
		{4AF96469-A043-23D3-8860-41BA65D7236A}.Debug|Any CPU.ActiveCfg = Debug|Any CPU
		{4AF96469-A043-23D3-8860-41BA65D7236A}.Debug|Any CPU.Build.0 = Debug|Any CPU
		{4AF96469-A043-23D3-8860-41BA65D7236A}.Release|Any CPU.ActiveCfg = Release|Any CPU
		{4AF96469-A043-23D3-8860-41BA65D7236A}.Release|Any CPU.Build.0 = Release|Any CPU
		{7A846038-DB8D-30A3-8FBD-A80542B1DFE8}.Debug|Any CPU.ActiveCfg = Debug|Any CPU
		{7A846038-DB8D-30A3-8FBD-A80542B1DFE8}.Debug|Any CPU.Build.0 = Debug|Any CPU
		{7A846038-DB8D-30A3-8FBD-A80542B1DFE8}.Release|Any CPU.ActiveCfg = Release|Any CPU
		{7A846038-DB8D-30A3-8FBD-A80542B1DFE8}.Release|Any CPU.Build.0 = Release|Any CPU
		{ED66B3B1-6558-C213-FB87-C92354138132}.Debug|Any CPU.ActiveCfg = Debug|Any CPU
		{ED66B3B1-6558-C213-FB87-C92354138132}.Debug|Any CPU.Build.0 = Debug|Any CPU
		{ED66B3B1-6558-C213-FB87-C92354138132}.Release|Any CPU.ActiveCfg = Release|Any CPU
		{ED66B3B1-6558-C213-FB87-C92354138132}.Release|Any CPU.Build.0 = Release|Any CPU
		{BFAA292B-3BA4-0E56-E9E1-2FAFAD1A5949}.Debug|Any CPU.ActiveCfg = Debug|Any CPU
		{BFAA292B-3BA4-0E56-E9E1-2FAFAD1A5949}.Debug|Any CPU.Build.0 = Debug|Any CPU
		{BFAA292B-3BA4-0E56-E9E1-2FAFAD1A5949}.Release|Any CPU.ActiveCfg = Release|Any CPU
		{BFAA292B-3BA4-0E56-E9E1-2FAFAD1A5949}.Release|Any CPU.Build.0 = Release|Any CPU
		{A9387CE0-902D-5F00-A6B3-889F62955483}.Debug|Any CPU.ActiveCfg = Debug|Any CPU
		{A9387CE0-902D-5F00-A6B3-889F62955483}.Debug|Any CPU.Build.0 = Debug|Any CPU
		{A9387CE0-902D-5F00-A6B3-889F62955483}.Release|Any CPU.ActiveCfg = Release|Any CPU
		{A9387CE0-902D-5F00-A6B3-889F62955483}.Release|Any CPU.Build.0 = Release|Any CPU
		{EEF83A09-9836-E38D-9F59-32C1E37B11E5}.Debug|Any CPU.ActiveCfg = Debug|Any CPU
		{EEF83A09-9836-E38D-9F59-32C1E37B11E5}.Debug|Any CPU.Build.0 = Debug|Any CPU
		{EEF83A09-9836-E38D-9F59-32C1E37B11E5}.Release|Any CPU.ActiveCfg = Release|Any CPU
		{EEF83A09-9836-E38D-9F59-32C1E37B11E5}.Release|Any CPU.Build.0 = Release|Any CPU
		{F5EF85E9-4872-6688-49CB-BE0279C6A7F4}.Debug|Any CPU.ActiveCfg = Debug|Any CPU
		{F5EF85E9-4872-6688-49CB-BE0279C6A7F4}.Debug|Any CPU.Build.0 = Debug|Any CPU
		{F5EF85E9-4872-6688-49CB-BE0279C6A7F4}.Release|Any CPU.ActiveCfg = Release|Any CPU
		{F5EF85E9-4872-6688-49CB-BE0279C6A7F4}.Release|Any CPU.Build.0 = Release|Any CPU
		{D90D3740-2B29-FFE5-57E5-AD042F3A7E8E}.Debug|Any CPU.ActiveCfg = Debug|Any CPU
		{D90D3740-2B29-FFE5-57E5-AD042F3A7E8E}.Debug|Any CPU.Build.0 = Debug|Any CPU
		{D90D3740-2B29-FFE5-57E5-AD042F3A7E8E}.Release|Any CPU.ActiveCfg = Release|Any CPU
		{D90D3740-2B29-FFE5-57E5-AD042F3A7E8E}.Release|Any CPU.Build.0 = Release|Any CPU
		{0BA8596F-738B-0EAE-A9D7-009170877B82}.Debug|Any CPU.ActiveCfg = Debug|Any CPU
		{0BA8596F-738B-0EAE-A9D7-009170877B82}.Debug|Any CPU.Build.0 = Debug|Any CPU
		{0BA8596F-738B-0EAE-A9D7-009170877B82}.Release|Any CPU.ActiveCfg = Release|Any CPU
		{0BA8596F-738B-0EAE-A9D7-009170877B82}.Release|Any CPU.Build.0 = Release|Any CPU
		{AE1B6BB4-C680-6761-7A5B-B302745A8E96}.Debug|Any CPU.ActiveCfg = Debug|Any CPU
		{AE1B6BB4-C680-6761-7A5B-B302745A8E96}.Debug|Any CPU.Build.0 = Debug|Any CPU
		{AE1B6BB4-C680-6761-7A5B-B302745A8E96}.Release|Any CPU.ActiveCfg = Release|Any CPU
		{AE1B6BB4-C680-6761-7A5B-B302745A8E96}.Release|Any CPU.Build.0 = Release|Any CPU
		{EA9C59FC-8251-F6F1-DC53-FF1E7F2FF474}.Debug|Any CPU.ActiveCfg = Debug|Any CPU
		{EA9C59FC-8251-F6F1-DC53-FF1E7F2FF474}.Debug|Any CPU.Build.0 = Debug|Any CPU
		{EA9C59FC-8251-F6F1-DC53-FF1E7F2FF474}.Release|Any CPU.ActiveCfg = Release|Any CPU
		{EA9C59FC-8251-F6F1-DC53-FF1E7F2FF474}.Release|Any CPU.Build.0 = Release|Any CPU
		{43C0EEFD-4839-F783-705C-84FE6914F44C}.Debug|Any CPU.ActiveCfg = Debug|Any CPU
		{43C0EEFD-4839-F783-705C-84FE6914F44C}.Debug|Any CPU.Build.0 = Debug|Any CPU
		{43C0EEFD-4839-F783-705C-84FE6914F44C}.Release|Any CPU.ActiveCfg = Release|Any CPU
		{43C0EEFD-4839-F783-705C-84FE6914F44C}.Release|Any CPU.Build.0 = Release|Any CPU
		{6F36A6A3-628A-A99D-A562-E03B439D93AC}.Debug|Any CPU.ActiveCfg = Debug|Any CPU
		{6F36A6A3-628A-A99D-A562-E03B439D93AC}.Debug|Any CPU.Build.0 = Debug|Any CPU
		{6F36A6A3-628A-A99D-A562-E03B439D93AC}.Release|Any CPU.ActiveCfg = Release|Any CPU
		{6F36A6A3-628A-A99D-A562-E03B439D93AC}.Release|Any CPU.Build.0 = Release|Any CPU
		{8528CF9A-0CF5-510D-A219-6442D18D03B6}.Debug|Any CPU.ActiveCfg = Debug|Any CPU
		{8528CF9A-0CF5-510D-A219-6442D18D03B6}.Debug|Any CPU.Build.0 = Debug|Any CPU
		{8528CF9A-0CF5-510D-A219-6442D18D03B6}.Release|Any CPU.ActiveCfg = Release|Any CPU
		{8528CF9A-0CF5-510D-A219-6442D18D03B6}.Release|Any CPU.Build.0 = Release|Any CPU
	EndGlobalSection
	GlobalSection(SolutionProperties) = preSolution
		HideSolutionNode = FALSE
	EndGlobalSection
EndGlobal
